// !$*UTF8*$!
{
	archiveVersion = 1;
	classes = {
	};
	objectVersion = 77;
	objects = {

/* Begin PBXBuildFile section */
		FA6308382E24BF6700C40A46 /* WidgetKit.framework in Frameworks */ = {isa = PBXBuildFile; fileRef = FA6308372E24BF6700C40A46 /* WidgetKit.framework */; };
		FA63083A2E24BF6700C40A46 /* SwiftUI.framework in Frameworks */ = {isa = PBXBuildFile; fileRef = FA6308392E24BF6700C40A46 /* SwiftUI.framework */; };
		FA63084B2E24BF6A00C40A46 /* MawqitWidgetExtension.appex in Embed Foundation Extensions */ = {isa = PBXBuildFile; fileRef = FA6308352E24BF6700C40A46 /* MawqitWidgetExtension.appex */; settings = {ATTRIBUTES = (RemoveHeadersOnCopy, ); }; };
		FA6308562E24CB8500C40A46 /* SharedHijriDate.swift in Sources */ = {isa = PBXBuildFile; fileRef = FA6308552E24CB8500C40A46 /* SharedHijriDate.swift */; };
		FA6308572E24CB8500C40A46 /* SharedHijriDate.swift in Sources */ = {isa = PBXBuildFile; fileRef = FA6308552E24CB8500C40A46 /* SharedHijriDate.swift */; };
		FA6308712E7A1B0000C40A46 /* SharedReminderContent.swift in Sources */ = {isa = PBXBuildFile; fileRef = FA6308702E7A1B0000C40A46 /* SharedReminderContent.swift */; };
		FA6308722E7A1B0000C40A46 /* SharedReminderContent.swift in Sources */ = {isa = PBXBuildFile; fileRef = FA6308702E7A1B0000C40A46 /* SharedReminderContent.swift */; };
		FA6308762E7A1B0000C40A46 /* SharedHijriEvents.swift in Sources */ = {isa = PBXBuildFile; fileRef = FA6308782E7A1B0000C40A46 /* SharedHijriEvents.swift */; };
		FA6308772E7A1B0000C40A46 /* SharedHijriEvents.swift in Sources */ = {isa = PBXBuildFile; fileRef = FA6308782E7A1B0000C40A46 /* SharedHijriEvents.swift */; };
		865018E6778E4F93AEABC606 /* MawqitWatchApp.swift in Sources */ = {isa = PBXBuildFile; fileRef = 29E07585F3D14657800F8233 /* MawqitWatchApp.swift */; };
		D47F4742E80F4194AC576010 /* WatchContentView.swift in Sources */ = {isa = PBXBuildFile; fileRef = 75E24BD67CD34ECF86984C64 /* WatchContentView.swift */; };
		02F0EBF94EA64163A7D78931 /* SharedHijriDate.swift in Sources */ = {isa = PBXBuildFile; fileRef = FA6308552E24CB8500C40A46 /* SharedHijriDate.swift */; };
		F07A2B20641B4AD8B6BDAD1A /* SharedHijriEvents.swift in Sources */ = {isa = PBXBuildFile; fileRef = FA6308782E7A1B0000C40A46 /* SharedHijriEvents.swift */; };
		F576393D71D44649B81DCF12 /* Assets.xcassets in Resources */ = {isa = PBXBuildFile; fileRef = 483F0B60ECC5449FBF1912DD /* Assets.xcassets */; };
		F1FF67D4387E491291B6029D /* MawqitWatchWidget.swift in Sources */ = {isa = PBXBuildFile; fileRef = 0130132B025A452F985D4201 /* MawqitWatchWidget.swift */; };
		B12C7BA639AB45A0B76673E0 /* MawqitWatchWidgetBundle.swift in Sources */ = {isa = PBXBuildFile; fileRef = 8F79DA2E0D5349A482284113 /* MawqitWatchWidgetBundle.swift */; };
		5D782C01F31A4B75AC245A08 /* SharedHijriDate.swift in Sources */ = {isa = PBXBuildFile; fileRef = FA6308552E24CB8500C40A46 /* SharedHijriDate.swift */; };
		12D8069562C54F88879A807B /* SharedHijriEvents.swift in Sources */ = {isa = PBXBuildFile; fileRef = FA6308782E7A1B0000C40A46 /* SharedHijriEvents.swift */; };
		AEAA1A0AC76E41CEBFE4E91B /* SwiftUI.framework in Frameworks */ = {isa = PBXBuildFile; fileRef = FA6308392E24BF6700C40A46 /* SwiftUI.framework */; };
		C371D1CE3F214C99A701770B /* SwiftUI.framework in Frameworks */ = {isa = PBXBuildFile; fileRef = FA6308392E24BF6700C40A46 /* SwiftUI.framework */; };
		ED04066F39EF4C45A9BF7D82 /* WidgetKit.framework in Frameworks */ = {isa = PBXBuildFile; fileRef = FA6308372E24BF6700C40A46 /* WidgetKit.framework */; };
		0506E337B1D64008B0C0498B /* MawqitWatch.app in Embed Watch Content */ = {isa = PBXBuildFile; fileRef = D79BBB9910434AC89D085799 /* MawqitWatch.app */; settings = {ATTRIBUTES = (RemoveHeadersOnCopy, ); }; };
		38E63F29930B43638333567D /* MawqitWatchWidget.appex in Embed Watch Extensions */ = {isa = PBXBuildFile; fileRef = 95B4650883314A059E7E7BCC /* MawqitWatchWidget.appex */; settings = {ATTRIBUTES = (RemoveHeadersOnCopy, ); }; };
		FA77CD9E2F33073A000C90AD /* riyad_assalihin.json in Resources */ = {isa = PBXBuildFile; fileRef = FA77CD9D2F33073A000C90AD /* riyad_assalihin.json */; };
		FA77CD9F2F33073A000C90AD /* riyad_assalihin.json in Resources */ = {isa = PBXBuildFile; fileRef = FA77CD9D2F33073A000C90AD /* riyad_assalihin.json */; };
/* End PBXBuildFile section */

/* Begin PBXContainerItemProxy section */
		FA6308492E24BF6A00C40A46 /* PBXContainerItemProxy */ = {
			isa = PBXContainerItemProxy;
			containerPortal = FA63081B2E24BED400C40A46 /* Project object */;
			proxyType = 1;
			remoteGlobalIDString = FA6308342E24BF6700C40A46;
			remoteInfo = MawqitWidgetExtension;
		};
		587F371F1C93488D9257A702 /* PBXContainerItemProxy */ = {
			isa = PBXContainerItemProxy;
			containerPortal = FA63081B2E24BED400C40A46 /* Project object */;
			proxyType = 1;
			remoteGlobalIDString = CAC3C856E6134AA8B64A0263;
			remoteInfo = MawqitWatch;
		};
		A1830568297F486490ED5B2C /* PBXContainerItemProxy */ = {
			isa = PBXContainerItemProxy;
			containerPortal = FA63081B2E24BED400C40A46 /* Project object */;
			proxyType = 1;
			remoteGlobalIDString = 5F77C7EE9C65439A83C326A8;
			remoteInfo = MawqitWatchWidget;
		};
/* End PBXContainerItemProxy section */

/* Begin PBXCopyFilesBuildPhase section */
		FA6308502E24BF6A00C40A46 /* Embed Foundation Extensions */ = {
			isa = PBXCopyFilesBuildPhase;
			buildActionMask = 2147483647;
			dstPath = "";
			dstSubfolderSpec = 13;
			files = (
				FA63084B2E24BF6A00C40A46 /* MawqitWidgetExtension.appex in Embed Foundation Extensions */,
			);
			name = "Embed Foundation Extensions";
			runOnlyForDeploymentPostprocessing = 0;
		};
		6C0D2D48E65543B183381F72 /* Embed Watch Content */ = {
			isa = PBXCopyFilesBuildPhase;
			buildActionMask = 2147483647;
			dstPath = "";
			dstSubfolderSpec = 16;
			files = (
				0506E337B1D64008B0C0498B /* MawqitWatch.app in Embed Watch Content */,
			);
			name = "Embed Watch Content";
			runOnlyForDeploymentPostprocessing = 0;
		};
		C40DEA6D17D344FD8F38A78F /* Embed Watch Extensions */ = {
			isa = PBXCopyFilesBuildPhase;
			buildActionMask = 2147483647;
			dstPath = "";
			dstSubfolderSpec = 13;
			files = (
				38E63F29930B43638333567D /* MawqitWatchWidget.appex in Embed Watch Extensions */,
			);
			name = "Embed Watch Extensions";
			runOnlyForDeploymentPostprocessing = 0;
		};
/* End PBXCopyFilesBuildPhase section */

/* Begin PBXFileReference section */
		FA6308232E24BED400C40A46 /* Mawqit.app */ = {isa = PBXFileReference; explicitFileType = wrapper.application; includeInIndex = 0; path = Mawqit.app; sourceTree = BUILT_PRODUCTS_DIR; };
		FA6308352E24BF6700C40A46 /* MawqitWidgetExtension.appex */ = {isa = PBXFileReference; explicitFileType = "wrapper.app-extension"; includeInIndex = 0; path = MawqitWidgetExtension.appex; sourceTree = BUILT_PRODUCTS_DIR; };
		FA6308372E24BF6700C40A46 /* WidgetKit.framework */ = {isa = PBXFileReference; lastKnownFileType = wrapper.framework; name = WidgetKit.framework; path = System/Library/Frameworks/WidgetKit.framework; sourceTree = SDKROOT; };
		FA6308392E24BF6700C40A46 /* SwiftUI.framework */ = {isa = PBXFileReference; lastKnownFileType = wrapper.framework; name = SwiftUI.framework; path = System/Library/Frameworks/SwiftUI.framework; sourceTree = SDKROOT; };
		FA6308552E24CB8500C40A46 /* SharedHijriDate.swift */ = {isa = PBXFileReference; lastKnownFileType = sourcecode.swift; path = SharedHijriDate.swift; sourceTree = "<group>"; };
		FA6308702E7A1B0000C40A46 /* SharedReminderContent.swift */ = {isa = PBXFileReference; lastKnownFileType = sourcecode.swift; path = SharedReminderContent.swift; sourceTree = "<group>"; };
		FA6308782E7A1B0000C40A46 /* SharedHijriEvents.swift */ = {isa = PBXFileReference; lastKnownFileType = sourcecode.swift; path = SharedHijriEvents.swift; sourceTree = "<group>"; };
		29E07585F3D14657800F8233 /* MawqitWatchApp.swift */ = {isa = PBXFileReference; lastKnownFileType = sourcecode.swift; path = MawqitWatchApp.swift; sourceTree = "<group>"; };
		75E24BD67CD34ECF86984C64 /* WatchContentView.swift */ = {isa = PBXFileReference; lastKnownFileType = sourcecode.swift; path = WatchContentView.swift; sourceTree = "<group>"; };
		483F0B60ECC5449FBF1912DD /* Assets.xcassets */ = {isa = PBXFileReference; lastKnownFileType = folder.assetcatalog; path = Assets.xcassets; sourceTree = "<group>"; };
		A8B71D2E2E7B4C3A8F6E1C2D /* Info.plist */ = {isa = PBXFileReference; lastKnownFileType = text.plist.xml; path = Info.plist; sourceTree = "<group>"; };
		0130132B025A452F985D4201 /* MawqitWatchWidget.swift */ = {isa = PBXFileReference; lastKnownFileType = sourcecode.swift; path = MawqitWatchWidget.swift; sourceTree = "<group>"; };
		8F79DA2E0D5349A482284113 /* MawqitWatchWidgetBundle.swift */ = {isa = PBXFileReference; lastKnownFileType = sourcecode.swift; path = MawqitWatchWidgetBundle.swift; sourceTree = "<group>"; };
		FFB1176797954A76BFBA19C8 /* Info.plist */ = {isa = PBXFileReference; lastKnownFileType = text.plist.xml; path = Info.plist; sourceTree = "<group>"; };
		D79BBB9910434AC89D085799 /* MawqitWatch.app */ = {isa = PBXFileReference; explicitFileType = wrapper.application; includeInIndex = 0; path = MawqitWatch.app; sourceTree = BUILT_PRODUCTS_DIR; };
		95B4650883314A059E7E7BCC /* MawqitWatchWidget.appex */ = {isa = PBXFileReference; explicitFileType = "wrapper.app-extension"; includeInIndex = 0; path = MawqitWatchWidget.appex; sourceTree = BUILT_PRODUCTS_DIR; };
		FA77CD9D2F33073A000C90AD /* riyad_assalihin.json */ = {isa = PBXFileReference; lastKnownFileType = text.json; path = riyad_assalihin.json; sourceTree = "<group>"; };
/* End PBXFileReference section */

/* Begin PBXFileSystemSynchronizedBuildFileExceptionSet section */
		FA63084C2E24BF6A00C40A46 /* Exceptions for "MawqitWidget" folder in "MawqitWidgetExtension" target */ = {
			isa = PBXFileSystemSynchronizedBuildFileExceptionSet;
			membershipExceptions = (
				Info.plist,
			);
			target = FA6308342E24BF6700C40A46 /* MawqitWidgetExtension */;
		};
		FA6308652E24DF7E00C40A46 /* Exceptions for "Mawqit" folder in "Mawqit" target */ = {
			isa = PBXFileSystemSynchronizedBuildFileExceptionSet;
			membershipExceptions = (
				Info.plist,
			);
			target = FA6308222E24BED400C40A46 /* Mawqit */;
		};
/* End PBXFileSystemSynchronizedBuildFileExceptionSet section */

/* Begin PBXFileSystemSynchronizedRootGroup section */
		FA6308252E24BED400C40A46 /* Mawqit */ = {
			isa = PBXFileSystemSynchronizedRootGroup;
			exceptions = (
				FA6308652E24DF7E00C40A46 /* Exceptions for "Mawqit" folder in "Mawqit" target */,
			);
			path = Mawqit;
			sourceTree = "<group>";
		};
		FA63083B2E24BF6700C40A46 /* MawqitWidget */ = {
			isa = PBXFileSystemSynchronizedRootGroup;
			exceptions = (
				FA63084C2E24BF6A00C40A46 /* Exceptions for "MawqitWidget" folder in "MawqitWidgetExtension" target */,
			);
			path = MawqitWidget;
			sourceTree = "<group>";
		};
/* End PBXFileSystemSynchronizedRootGroup section */

/* Begin PBXFrameworksBuildPhase section */
		FA6308202E24BED400C40A46 /* Frameworks */ = {
			isa = PBXFrameworksBuildPhase;
			buildActionMask = 2147483647;
			files = (
			);
			runOnlyForDeploymentPostprocessing = 0;
		};
		FA6308322E24BF6700C40A46 /* Frameworks */ = {
			isa = PBXFrameworksBuildPhase;
			buildActionMask = 2147483647;
			files = (
				FA63083A2E24BF6700C40A46 /* SwiftUI.framework in Frameworks */,
				FA6308382E24BF6700C40A46 /* WidgetKit.framework in Frameworks */,
			);
			runOnlyForDeploymentPostprocessing = 0;
		};
		6B7198AA7F854EB093D7D8E9 /* Frameworks */ = {
			isa = PBXFrameworksBuildPhase;
			buildActionMask = 2147483647;
			files = (
				AEAA1A0AC76E41CEBFE4E91B /* SwiftUI.framework in Frameworks */,
			);
			runOnlyForDeploymentPostprocessing = 0;
		};
		705FA3D101A9401B818CDD74 /* Frameworks */ = {
			isa = PBXFrameworksBuildPhase;
			buildActionMask = 2147483647;
			files = (
				C371D1CE3F214C99A701770B /* SwiftUI.framework in Frameworks */,
				ED04066F39EF4C45A9BF7D82 /* WidgetKit.framework in Frameworks */,
			);
			runOnlyForDeploymentPostprocessing = 0;
		};
/* End PBXFrameworksBuildPhase section */

/* Begin PBXGroup section */
		FA63081A2E24BED400C40A46 = {
			isa = PBXGroup;
			children = (
				FA77CD9D2F33073A000C90AD /* riyad_assalihin.json */,
				FA6308552E24CB8500C40A46 /* SharedHijriDate.swift */,
				FA6308702E7A1B0000C40A46 /* SharedReminderContent.swift */,
				FA6308782E7A1B0000C40A46 /* SharedHijriEvents.swift */,
				F968CF818A344F8BAA35DE36 /* MawqitWatch */,
				C20612C0060341519AD7F0D8 /* MawqitWatchWidget */,
				FA6308252E24BED400C40A46 /* Mawqit */,
				FA63083B2E24BF6700C40A46 /* MawqitWidget */,
				FA6308362E24BF6700C40A46 /* Frameworks */,
				FA6308242E24BED400C40A46 /* Products */,
			);
			sourceTree = "<group>";
		};
		FA6308242E24BED400C40A46 /* Products */ = {
			isa = PBXGroup;
			children = (
				FA6308232E24BED400C40A46 /* Mawqit.app */,
				FA6308352E24BF6700C40A46 /* MawqitWidgetExtension.appex */,
				D79BBB9910434AC89D085799 /* MawqitWatch.app */,
				95B4650883314A059E7E7BCC /* MawqitWatchWidget.appex */,
			);
			name = Products;
			sourceTree = "<group>";
		};
		FA6308362E24BF6700C40A46 /* Frameworks */ = {
			isa = PBXGroup;
			children = (
				FA6308372E24BF6700C40A46 /* WidgetKit.framework */,
				FA6308392E24BF6700C40A46 /* SwiftUI.framework */,
			);
			name = Frameworks;
			sourceTree = "<group>";
		};
		F968CF818A344F8BAA35DE36 /* MawqitWatch */ = {
			isa = PBXGroup;
			children = (
				483F0B60ECC5449FBF1912DD /* Assets.xcassets */,
				A8B71D2E2E7B4C3A8F6E1C2D /* Info.plist */,
				29E07585F3D14657800F8233 /* MawqitWatchApp.swift */,
				75E24BD67CD34ECF86984C64 /* WatchContentView.swift */,
			);
			path = MawqitWatch;
			sourceTree = "<group>";
		};
		C20612C0060341519AD7F0D8 /* MawqitWatchWidget */ = {
			isa = PBXGroup;
			children = (
				FFB1176797954A76BFBA19C8 /* Info.plist */,
				0130132B025A452F985D4201 /* MawqitWatchWidget.swift */,
				8F79DA2E0D5349A482284113 /* MawqitWatchWidgetBundle.swift */,
			);
			path = MawqitWatchWidget;
			sourceTree = "<group>";
		};
/* End PBXGroup section */

/* Begin PBXNativeTarget section */
		FA6308222E24BED400C40A46 /* Mawqit */ = {
			isa = PBXNativeTarget;
			buildConfigurationList = FA63082E2E24BED500C40A46 /* Build configuration list for PBXNativeTarget "Mawqit" */;
			buildPhases = (
				FA63081F2E24BED400C40A46 /* Sources */,
				FA6308202E24BED400C40A46 /* Frameworks */,
				FA6308212E24BED400C40A46 /* Resources */,
				FA6308502E24BF6A00C40A46 /* Embed Foundation Extensions */,
				6C0D2D48E65543B183381F72 /* Embed Watch Content */,
			);
			buildRules = (
			);
			dependencies = (
				FA63084A2E24BF6A00C40A46 /* PBXTargetDependency */,
				693FB269858F41F49CD75D31 /* PBXTargetDependency */,
			);
			fileSystemSynchronizedGroups = (
				FA6308252E24BED400C40A46 /* Mawqit */,
			);
			name = Mawqit;
			packageProductDependencies = (
			);
			productName = Mawqit;
			productReference = FA6308232E24BED400C40A46 /* Mawqit.app */;
			productType = "com.apple.product-type.application";
		};
		FA6308342E24BF6700C40A46 /* MawqitWidgetExtension */ = {
			isa = PBXNativeTarget;
			buildConfigurationList = FA63084D2E24BF6A00C40A46 /* Build configuration list for PBXNativeTarget "MawqitWidgetExtension" */;
			buildPhases = (
				FA6308312E24BF6700C40A46 /* Sources */,
				FA6308322E24BF6700C40A46 /* Frameworks */,
				FA6308332E24BF6700C40A46 /* Resources */,
			);
			buildRules = (
			);
			dependencies = (
				BD3E7CB8697C4CB0AB2F70BC /* PBXTargetDependency */,
			);
			fileSystemSynchronizedGroups = (
				FA63083B2E24BF6700C40A46 /* MawqitWidget */,
			);
			name = MawqitWidgetExtension;
			packageProductDependencies = (
			);
			productName = MawqitWidgetExtension;
			productReference = FA6308352E24BF6700C40A46 /* MawqitWidgetExtension.appex */;
			productType = "com.apple.product-type.app-extension";
		};
		CAC3C856E6134AA8B64A0263 /* MawqitWatch */ = {
			isa = PBXNativeTarget;
			buildConfigurationList = 6CA45E708C6046278F0F1717 /* Build configuration list for PBXNativeTarget "MawqitWatch" */;
			buildPhases = (
				3098F54361DF4677B4EAF1DC /* Sources */,
				6B7198AA7F854EB093D7D8E9 /* Frameworks */,
				92951468238D4EB3BC41E5DC /* Resources */,
				C40DEA6D17D344FD8F38A78F /* Embed Watch Extensions */,
			);
			buildRules = (
			);
			dependencies = (
			);
			name = MawqitWatch;
			packageProductDependencies = (
			);
			productName = MawqitWatch;
			productReference = D79BBB9910434AC89D085799 /* MawqitWatch.app */;
			productType = "com.apple.product-type.application.watchapp2";
		};
		5F77C7EE9C65439A83C326A8 /* MawqitWatchWidget */ = {
			isa = PBXNativeTarget;
			buildConfigurationList = 94015DB5397D49D4ADC0D6EA /* Build configuration list for PBXNativeTarget "MawqitWatchWidget" */;
			buildPhases = (
				AE549CABBFEE48F594AEB817 /* Sources */,
				705FA3D101A9401B818CDD74 /* Frameworks */,
				18F7798C1CF747C183725BE3 /* Resources */,
			);
			buildRules = (
			);
			dependencies = (
			);
			name = MawqitWatchWidget;
			packageProductDependencies = (
			);
			productName = MawqitWatchWidget;
			productReference = 95B4650883314A059E7E7BCC /* MawqitWatchWidget.appex */;
			productType = "com.apple.product-type.app-extension";
		};
/* End PBXNativeTarget section */

/* Begin PBXProject section */
		FA63081B2E24BED400C40A46 /* Project object */ = {
			isa = PBXProject;
			attributes = {
				BuildIndependentTargetsInParallel = 1;
				LastSwiftUpdateCheck = 1640;
				LastUpgradeCheck = 1640;
				TargetAttributes = {
					FA6308222E24BED400C40A46 = {
						CreatedOnToolsVersion = 16.4;
					};
					FA6308342E24BF6700C40A46 = {
						CreatedOnToolsVersion = 16.4;
					};
					CAC3C856E6134AA8B64A0263 = {
						CreatedOnToolsVersion = 16.4;
					};
					5F77C7EE9C65439A83C326A8 = {
						CreatedOnToolsVersion = 16.4;
					};
				};
			};
			buildConfigurationList = FA63081E2E24BED400C40A46 /* Build configuration list for PBXProject "Mawqit" */;
			developmentRegion = en;
			hasScannedForEncodings = 0;
			knownRegions = (
				en,
				Base,
			);
			mainGroup = FA63081A2E24BED400C40A46;
			minimizedProjectReferenceProxies = 1;
			preferredProjectObjectVersion = 77;
			productRefGroup = FA6308242E24BED400C40A46 /* Products */;
			projectDirPath = "";
			projectRoot = "";
			targets = (
				FA6308222E24BED400C40A46 /* Mawqit */,
				FA6308342E24BF6700C40A46 /* MawqitWidgetExtension */,
				CAC3C856E6134AA8B64A0263 /* MawqitWatch */,
				5F77C7EE9C65439A83C326A8 /* MawqitWatchWidget */,
			);
		};
/* End PBXProject section */

/* Begin PBXResourcesBuildPhase section */
		FA6308212E24BED400C40A46 /* Resources */ = {
			isa = PBXResourcesBuildPhase;
			buildActionMask = 2147483647;
			files = (
				FA77CD9F2F33073A000C90AD /* riyad_assalihin.json in Resources */,
			);
			runOnlyForDeploymentPostprocessing = 0;
		};
		FA6308332E24BF6700C40A46 /* Resources */ = {
			isa = PBXResourcesBuildPhase;
			buildActionMask = 2147483647;
			files = (
				FA77CD9E2F33073A000C90AD /* riyad_assalihin.json in Resources */,
			);
			runOnlyForDeploymentPostprocessing = 0;
		};
		92951468238D4EB3BC41E5DC /* Resources */ = {
			isa = PBXResourcesBuildPhase;
			buildActionMask = 2147483647;
			files = (
				F576393D71D44649B81DCF12 /* Assets.xcassets in Resources */,
			);
			runOnlyForDeploymentPostprocessing = 0;
		};
		18F7798C1CF747C183725BE3 /* Resources */ = {
			isa = PBXResourcesBuildPhase;
			buildActionMask = 2147483647;
			files = (
			);
			runOnlyForDeploymentPostprocessing = 0;
		};
/* End PBXResourcesBuildPhase section */

/* Begin PBXSourcesBuildPhase section */
		FA63081F2E24BED400C40A46 /* Sources */ = {
			isa = PBXSourcesBuildPhase;
			buildActionMask = 2147483647;
			files = (
				FA6308562E24CB8500C40A46 /* SharedHijriDate.swift in Sources */,
				FA6308712E7A1B0000C40A46 /* SharedReminderContent.swift in Sources */,
				FA6308762E7A1B0000C40A46 /* SharedHijriEvents.swift in Sources */,
			);
			runOnlyForDeploymentPostprocessing = 0;
		};
		FA6308312E24BF6700C40A46 /* Sources */ = {
			isa = PBXSourcesBuildPhase;
			buildActionMask = 2147483647;
			files = (
				FA6308572E24CB8500C40A46 /* SharedHijriDate.swift in Sources */,
				FA6308722E7A1B0000C40A46 /* SharedReminderContent.swift in Sources */,
				FA6308772E7A1B0000C40A46 /* SharedHijriEvents.swift in Sources */,
			);
			runOnlyForDeploymentPostprocessing = 0;
		};
		3098F54361DF4677B4EAF1DC /* Sources */ = {
			isa = PBXSourcesBuildPhase;
			buildActionMask = 2147483647;
			files = (
				865018E6778E4F93AEABC606 /* MawqitWatchApp.swift in Sources */,
				D47F4742E80F4194AC576010 /* WatchContentView.swift in Sources */,
				02F0EBF94EA64163A7D78931 /* SharedHijriDate.swift in Sources */,
				F07A2B20641B4AD8B6BDAD1A /* SharedHijriEvents.swift in Sources */,
			);
			runOnlyForDeploymentPostprocessing = 0;
		};
		AE549CABBFEE48F594AEB817 /* Sources */ = {
			isa = PBXSourcesBuildPhase;
			buildActionMask = 2147483647;
			files = (
				F1FF67D4387E491291B6029D /* MawqitWatchWidget.swift in Sources */,
				B12C7BA639AB45A0B76673E0 /* MawqitWatchWidgetBundle.swift in Sources */,
				5D782C01F31A4B75AC245A08 /* SharedHijriDate.swift in Sources */,
				12D8069562C54F88879A807B /* SharedHijriEvents.swift in Sources */,
			);
			runOnlyForDeploymentPostprocessing = 0;
		};
/* End PBXSourcesBuildPhase section */

/* Begin PBXTargetDependency section */
		FA63084A2E24BF6A00C40A46 /* PBXTargetDependency */ = {
			isa = PBXTargetDependency;
			target = FA6308342E24BF6700C40A46 /* MawqitWidgetExtension */;
			targetProxy = FA6308492E24BF6A00C40A46 /* PBXContainerItemProxy */;
		};
		693FB269858F41F49CD75D31 /* PBXTargetDependency */ = {
			isa = PBXTargetDependency;
			target = CAC3C856E6134AA8B64A0263 /* MawqitWatch */;
			targetProxy = 587F371F1C93488D9257A702 /* PBXContainerItemProxy */;
		};
		BD3E7CB8697C4CB0AB2F70BC /* PBXTargetDependency */ = {
			isa = PBXTargetDependency;
			target = 5F77C7EE9C65439A83C326A8 /* MawqitWatchWidget */;
			targetProxy = A1830568297F486490ED5B2C /* PBXContainerItemProxy */;
		};
/* End PBXTargetDependency section */

/* Begin XCBuildConfiguration section */
		FA63082C2E24BED500C40A46 /* Debug */ = {
			isa = XCBuildConfiguration;
			buildSettings = {
				ALWAYS_SEARCH_USER_PATHS = NO;
				ASSETCATALOG_COMPILER_GENERATE_SWIFT_ASSET_SYMBOL_EXTENSIONS = YES;
				CLANG_ANALYZER_NONNULL = YES;
				CLANG_ANALYZER_NUMBER_OBJECT_CONVERSION = YES_AGGRESSIVE;
				CLANG_CXX_LANGUAGE_STANDARD = "gnu++20";
				CLANG_ENABLE_MODULES = YES;
				CLANG_ENABLE_OBJC_ARC = YES;
				CLANG_ENABLE_OBJC_WEAK = YES;
				CLANG_WARN_BLOCK_CAPTURE_AUTORELEASING = YES;
				CLANG_WARN_BOOL_CONVERSION = YES;
				CLANG_WARN_COMMA = YES;
				CLANG_WARN_CONSTANT_CONVERSION = YES;
				CLANG_WARN_DEPRECATED_OBJC_IMPLEMENTATIONS = YES;
				CLANG_WARN_DIRECT_OBJC_ISA_USAGE = YES_ERROR;
				CLANG_WARN_DOCUMENTATION_COMMENTS = YES;
				CLANG_WARN_EMPTY_BODY = YES;
				CLANG_WARN_ENUM_CONVERSION = YES;
				CLANG_WARN_INFINITE_RECURSION = YES;
				CLANG_WARN_INT_CONVERSION = YES;
				CLANG_WARN_NON_LITERAL_NULL_CONVERSION = YES;
				CLANG_WARN_OBJC_IMPLICIT_RETAIN_SELF = YES;
				CLANG_WARN_OBJC_LITERAL_CONVERSION = YES;
				CLANG_WARN_OBJC_ROOT_CLASS = YES_ERROR;
				CLANG_WARN_QUOTED_INCLUDE_IN_FRAMEWORK_HEADER = YES;
				CLANG_WARN_RANGE_LOOP_ANALYSIS = YES;
				CLANG_WARN_STRICT_PROTOTYPES = YES;
				CLANG_WARN_SUSPICIOUS_MOVE = YES;
				CLANG_WARN_UNGUARDED_AVAILABILITY = YES_AGGRESSIVE;
				CLANG_WARN_UNREACHABLE_CODE = YES;
				CLANG_WARN__DUPLICATE_METHOD_MATCH = YES;
				COPY_PHASE_STRIP = NO;
				DEBUG_INFORMATION_FORMAT = dwarf;
				ENABLE_STRICT_OBJC_MSGSEND = YES;
				ENABLE_TESTABILITY = YES;
				ENABLE_USER_SCRIPT_SANDBOXING = YES;
				GCC_C_LANGUAGE_STANDARD = gnu17;
				GCC_DYNAMIC_NO_PIC = NO;
				GCC_NO_COMMON_BLOCKS = YES;
				GCC_OPTIMIZATION_LEVEL = 0;
				GCC_PREPROCESSOR_DEFINITIONS = (
					"DEBUG=1",
					"$(inherited)",
				);
				GCC_WARN_64_TO_32_BIT_CONVERSION = YES;
				GCC_WARN_ABOUT_RETURN_TYPE = YES_ERROR;
				GCC_WARN_UNDECLARED_SELECTOR = YES;
				GCC_WARN_UNINITIALIZED_AUTOS = YES_AGGRESSIVE;
				GCC_WARN_UNUSED_FUNCTION = YES;
				GCC_WARN_UNUSED_VARIABLE = YES;
				IPHONEOS_DEPLOYMENT_TARGET = 18.5;
				LOCALIZATION_PREFERS_STRING_CATALOGS = YES;
				MTL_ENABLE_DEBUG_INFO = INCLUDE_SOURCE;
				MTL_FAST_MATH = YES;
				ONLY_ACTIVE_ARCH = YES;
				SDKROOT = iphoneos;
				SWIFT_ACTIVE_COMPILATION_CONDITIONS = "DEBUG $(inherited)";
				SWIFT_OPTIMIZATION_LEVEL = "-Onone";
			};
			name = Debug;
		};
		FA63082D2E24BED500C40A46 /* Release */ = {
			isa = XCBuildConfiguration;
			buildSettings = {
				ALWAYS_SEARCH_USER_PATHS = NO;
				ASSETCATALOG_COMPILER_GENERATE_SWIFT_ASSET_SYMBOL_EXTENSIONS = YES;
				CLANG_ANALYZER_NONNULL = YES;
				CLANG_ANALYZER_NUMBER_OBJECT_CONVERSION = YES_AGGRESSIVE;
				CLANG_CXX_LANGUAGE_STANDARD = "gnu++20";
				CLANG_ENABLE_MODULES = YES;
				CLANG_ENABLE_OBJC_ARC = YES;
				CLANG_ENABLE_OBJC_WEAK = YES;
				CLANG_WARN_BLOCK_CAPTURE_AUTORELEASING = YES;
				CLANG_WARN_BOOL_CONVERSION = YES;
				CLANG_WARN_COMMA = YES;
				CLANG_WARN_CONSTANT_CONVERSION = YES;
				CLANG_WARN_DEPRECATED_OBJC_IMPLEMENTATIONS = YES;
				CLANG_WARN_DIRECT_OBJC_ISA_USAGE = YES_ERROR;
				CLANG_WARN_DOCUMENTATION_COMMENTS = YES;
				CLANG_WARN_EMPTY_BODY = YES;
				CLANG_WARN_ENUM_CONVERSION = YES;
				CLANG_WARN_INFINITE_RECURSION = YES;
				CLANG_WARN_INT_CONVERSION = YES;
				CLANG_WARN_NON_LITERAL_NULL_CONVERSION = YES;
				CLANG_WARN_OBJC_IMPLICIT_RETAIN_SELF = YES;
				CLANG_WARN_OBJC_LITERAL_CONVERSION = YES;
				CLANG_WARN_OBJC_ROOT_CLASS = YES_ERROR;
				CLANG_WARN_QUOTED_INCLUDE_IN_FRAMEWORK_HEADER = YES;
				CLANG_WARN_RANGE_LOOP_ANALYSIS = YES;
				CLANG_WARN_STRICT_PROTOTYPES = YES;
				CLANG_WARN_SUSPICIOUS_MOVE = YES;
				CLANG_WARN_UNGUARDED_AVAILABILITY = YES_AGGRESSIVE;
				CLANG_WARN_UNREACHABLE_CODE = YES;
				CLANG_WARN__DUPLICATE_METHOD_MATCH = YES;
				COPY_PHASE_STRIP = NO;
				DEBUG_INFORMATION_FORMAT = "dwarf-with-dsym";
				ENABLE_NS_ASSERTIONS = NO;
				ENABLE_STRICT_OBJC_MSGSEND = YES;
				ENABLE_USER_SCRIPT_SANDBOXING = YES;
				GCC_C_LANGUAGE_STANDARD = gnu17;
				GCC_NO_COMMON_BLOCKS = YES;
				GCC_WARN_64_TO_32_BIT_CONVERSION = YES;
				GCC_WARN_ABOUT_RETURN_TYPE = YES_ERROR;
				GCC_WARN_UNDECLARED_SELECTOR = YES;
				GCC_WARN_UNINITIALIZED_AUTOS = YES_AGGRESSIVE;
				GCC_WARN_UNUSED_FUNCTION = YES;
				GCC_WARN_UNUSED_VARIABLE = YES;
				IPHONEOS_DEPLOYMENT_TARGET = 18.5;
				LOCALIZATION_PREFERS_STRING_CATALOGS = YES;
				MTL_ENABLE_DEBUG_INFO = NO;
				MTL_FAST_MATH = YES;
				SDKROOT = iphoneos;
				SWIFT_COMPILATION_MODE = wholemodule;
				VALIDATE_PRODUCT = YES;
			};
			name = Release;
		};
		FA63082F2E24BED500C40A46 /* Debug */ = {
			isa = XCBuildConfiguration;
			buildSettings = {
				ASSETCATALOG_COMPILER_APPICON_NAME = AppIcon;
				ASSETCATALOG_COMPILER_GLOBAL_ACCENT_COLOR_NAME = AccentColor;
				CODE_SIGN_STYLE = Automatic;
				CURRENT_PROJECT_VERSION = 1;
				DEVELOPMENT_TEAM = 3VW49TR7MS;
				ENABLE_PREVIEWS = YES;
				GENERATE_INFOPLIST_FILE = YES;
				INFOPLIST_FILE = Mawqit/Info.plist;
				INFOPLIST_KEY_CFBundleDisplayName = Mawqit;
				INFOPLIST_KEY_LSApplicationCategoryType = "public.app-category.utilities";
				INFOPLIST_KEY_NSLocationWhenInUseUsageDescription = "Mawqit uses your location to show accurate prayer times.";
				INFOPLIST_KEY_UIApplicationSceneManifest_Generation = YES;
				INFOPLIST_KEY_UIApplicationSupportsIndirectInputEvents = YES;
				INFOPLIST_KEY_UILaunchScreen_Generation = YES;
				INFOPLIST_KEY_UISupportedInterfaceOrientations_iPad = "UIInterfaceOrientationPortrait UIInterfaceOrientationPortraitUpsideDown UIInterfaceOrientationLandscapeLeft UIInterfaceOrientationLandscapeRight";
				INFOPLIST_KEY_UISupportedInterfaceOrientations_iPhone = "UIInterfaceOrientationPortrait UIInterfaceOrientationLandscapeLeft UIInterfaceOrientationLandscapeRight";
				LD_RUNPATH_SEARCH_PATHS = (
					"$(inherited)",
					"@executable_path/Frameworks",
				);
				MARKETING_VERSION = 1.0;
				PRODUCT_BUNDLE_IDENTIFIER = com.muhammadanas.mawqitapp2026;
				PRODUCT_NAME = "$(TARGET_NAME)";
				SWIFT_EMIT_LOC_STRINGS = YES;
				SWIFT_VERSION = 5.0;
				TARGETED_DEVICE_FAMILY = "1,2";
			};
			name = Debug;
		};
		FA6308302E24BED500C40A46 /* Release */ = {
			isa = XCBuildConfiguration;
			buildSettings = {
				ASSETCATALOG_COMPILER_APPICON_NAME = AppIcon;
				ASSETCATALOG_COMPILER_GLOBAL_ACCENT_COLOR_NAME = AccentColor;
				CODE_SIGN_STYLE = Automatic;
				CURRENT_PROJECT_VERSION = 1;
				DEVELOPMENT_TEAM = 3VW49TR7MS;
				ENABLE_PREVIEWS = YES;
				GENERATE_INFOPLIST_FILE = YES;
				INFOPLIST_FILE = Mawqit/Info.plist;
				INFOPLIST_KEY_CFBundleDisplayName = Mawqit;
				INFOPLIST_KEY_LSApplicationCategoryType = "public.app-category.utilities";
				INFOPLIST_KEY_NSLocationWhenInUseUsageDescription = "Mawqit uses your location to show accurate prayer times.";
				INFOPLIST_KEY_UIApplicationSceneManifest_Generation = YES;
				INFOPLIST_KEY_UIApplicationSupportsIndirectInputEvents = YES;
				INFOPLIST_KEY_UILaunchScreen_Generation = YES;
				INFOPLIST_KEY_UISupportedInterfaceOrientations_iPad = "UIInterfaceOrientationPortrait UIInterfaceOrientationPortraitUpsideDown UIInterfaceOrientationLandscapeLeft UIInterfaceOrientationLandscapeRight";
				INFOPLIST_KEY_UISupportedInterfaceOrientations_iPhone = "UIInterfaceOrientationPortrait UIInterfaceOrientationLandscapeLeft UIInterfaceOrientationLandscapeRight";
				LD_RUNPATH_SEARCH_PATHS = (
					"$(inherited)",
					"@executable_path/Frameworks",
				);
				MARKETING_VERSION = 1.0;
				PRODUCT_BUNDLE_IDENTIFIER = com.muhammadanas.mawqitapp2026;
				PRODUCT_NAME = "$(TARGET_NAME)";
				SWIFT_EMIT_LOC_STRINGS = YES;
				SWIFT_VERSION = 5.0;
				TARGETED_DEVICE_FAMILY = "1,2";
			};
			name = Release;
		};
		FA63084E2E24BF6A00C40A46 /* Debug */ = {
			isa = XCBuildConfiguration;
			buildSettings = {
				ASSETCATALOG_COMPILER_GLOBAL_ACCENT_COLOR_NAME = AccentColor;
				ASSETCATALOG_COMPILER_WIDGET_BACKGROUND_COLOR_NAME = WidgetBackground;
				CODE_SIGN_STYLE = Automatic;
				CURRENT_PROJECT_VERSION = 1;
				DEVELOPMENT_TEAM = 3VW49TR7MS;
				GENERATE_INFOPLIST_FILE = YES;
				INFOPLIST_FILE = MawqitWidget/Info.plist;
				INFOPLIST_KEY_CFBundleDisplayName = MawqitWidget;
				INFOPLIST_KEY_NSHumanReadableCopyright = "";
				LD_RUNPATH_SEARCH_PATHS = (
					"$(inherited)",
					"@executable_path/Frameworks",
					"@executable_path/../../Frameworks",
				);
				MARKETING_VERSION = 1.0;
				PRODUCT_BUNDLE_IDENTIFIER = com.muhammadanas.mawqitapp2026.mawqitwidgetapp;
				PRODUCT_NAME = "$(TARGET_NAME)";
				SKIP_INSTALL = NO;
				SWIFT_EMIT_LOC_STRINGS = YES;
				SWIFT_VERSION = 5.0;
				TARGETED_DEVICE_FAMILY = "1,2";
			};
			name = Debug;
		};
		FA63084F2E24BF6A00C40A46 /* Release */ = {
			isa = XCBuildConfiguration;
			buildSettings = {
				ASSETCATALOG_COMPILER_GLOBAL_ACCENT_COLOR_NAME = AccentColor;
				ASSETCATALOG_COMPILER_WIDGET_BACKGROUND_COLOR_NAME = WidgetBackground;
				CODE_SIGN_STYLE = Automatic;
				CURRENT_PROJECT_VERSION = 1;
				DEVELOPMENT_TEAM = 3VW49TR7MS;
				GENERATE_INFOPLIST_FILE = YES;
				INFOPLIST_FILE = MawqitWidget/Info.plist;
				INFOPLIST_KEY_CFBundleDisplayName = MawqitWidget;
				INFOPLIST_KEY_NSHumanReadableCopyright = "";
				LD_RUNPATH_SEARCH_PATHS = (
					"$(inherited)",
					"@executable_path/Frameworks",
					"@executable_path/../../Frameworks",
				);
				MARKETING_VERSION = 1.0;
				PRODUCT_BUNDLE_IDENTIFIER = com.muhammadanas.mawqitapp2026.mawqitwidgetapp;
				PRODUCT_NAME = "$(TARGET_NAME)";
				SKIP_INSTALL = NO;
				SWIFT_EMIT_LOC_STRINGS = YES;
				SWIFT_VERSION = 5.0;
				TARGETED_DEVICE_FAMILY = "1,2";
			};
			name = Release;
		};
		3A00D08EE52E43A58CDCD8ED /* Debug */ = {
			isa = XCBuildConfiguration;
			buildSettings = {
				ASSETCATALOG_COMPILER_APPICON_NAME = AppIcon;
				CODE_SIGN_STYLE = Automatic;
				CURRENT_PROJECT_VERSION = 1;
				DEVELOPMENT_TEAM = 3VW49TR7MS;
				GENERATE_INFOPLIST_FILE = NO;
				INFOPLIST_FILE = MawqitWatch/Info.plist;
				LD_RUNPATH_SEARCH_PATHS = (
					"$(inherited)",
					"@executable_path/Frameworks",
					"@executable_path/../../Frameworks",
				);
				MARKETING_VERSION = 1.0;
				ONLY_ACTIVE_ARCH = YES;
				PRODUCT_BINARY_SOURCE_PATH = "";
				PRODUCT_TYPE_HAS_STUB_BINARY = NO;
				PRODUCT_BUNDLE_IDENTIFIER = com.muhammadanas.mawqitapp2026.watchapp;
				PRODUCT_NAME = "$(TARGET_NAME)";
				SDKROOT = watchos;
				SKIP_INSTALL = YES;
				SWIFT_VERSION = 5.0;
				TARGETED_DEVICE_FAMILY = 4;
				WATCHOS_DEPLOYMENT_TARGET = 11.0;
			};
			name = Debug;
		};
		956F104C24524157A86A7641 /* Release */ = {
			isa = XCBuildConfiguration;
			buildSettings = {
				ASSETCATALOG_COMPILER_APPICON_NAME = AppIcon;
				CODE_SIGN_STYLE = Automatic;
				CURRENT_PROJECT_VERSION = 1;
				DEVELOPMENT_TEAM = 3VW49TR7MS;
				GENERATE_INFOPLIST_FILE = NO;
				INFOPLIST_FILE = MawqitWatch/Info.plist;
				LD_RUNPATH_SEARCH_PATHS = (
					"$(inherited)",
					"@executable_path/Frameworks",
					"@executable_path/../../Frameworks",
				);
				MARKETING_VERSION = 1.0;
				PRODUCT_BINARY_SOURCE_PATH = "";
				PRODUCT_TYPE_HAS_STUB_BINARY = NO;
				PRODUCT_BUNDLE_IDENTIFIER = com.muhammadanas.mawqitapp2026.watchapp;
				PRODUCT_NAME = "$(TARGET_NAME)";
				SDKROOT = watchos;
				SKIP_INSTALL = YES;
				SWIFT_VERSION = 5.0;
				TARGETED_DEVICE_FAMILY = 4;
				WATCHOS_DEPLOYMENT_TARGET = 11.0;
			};
			name = Release;
		};
		4FE3CEE670C94C2480D8F8DB /* Debug */ = {
			isa = XCBuildConfiguration;
			buildSettings = {
				CODE_SIGN_STYLE = Automatic;
				CURRENT_PROJECT_VERSION = 1;
				DEVELOPMENT_TEAM = 3VW49TR7MS;
				GENERATE_INFOPLIST_FILE = YES;
				INFOPLIST_FILE = MawqitWatchWidget/Info.plist;
				INFOPLIST_KEY_CFBundleDisplayName = MawqitWatchWidget;
				LD_RUNPATH_SEARCH_PATHS = (
					"$(inherited)",
					"@executable_path/Frameworks",
					"@executable_path/../../Frameworks",
				);
				MARKETING_VERSION = 1.0;
				PRODUCT_BUNDLE_IDENTIFIER = com.muhammadanas.mawqitapp2026.watchapp.watchwidget;
				PRODUCT_NAME = "$(TARGET_NAME)";
				SDKROOT = watchos;
				SKIP_INSTALL = YES;
				SWIFT_VERSION = 5.0;
				TARGETED_DEVICE_FAMILY = 4;
				WATCHOS_DEPLOYMENT_TARGET = 11.0;
			};
			name = Debug;
		};
		CF3683D9226B4254B4FAC08E /* Release */ = {
			isa = XCBuildConfiguration;
			buildSettings = {
				CODE_SIGN_STYLE = Automatic;
				CURRENT_PROJECT_VERSION = 1;
				DEVELOPMENT_TEAM = 3VW49TR7MS;
				GENERATE_INFOPLIST_FILE = YES;
				INFOPLIST_FILE = MawqitWatchWidget/Info.plist;
				INFOPLIST_KEY_CFBundleDisplayName = MawqitWatchWidget;
				LD_RUNPATH_SEARCH_PATHS = (
					"$(inherited)",
					"@executable_path/Frameworks",
					"@executable_path/../../Frameworks",
				);
				MARKETING_VERSION = 1.0;
				PRODUCT_BUNDLE_IDENTIFIER = com.muhammadanas.mawqitapp2026.watchapp.watchwidget;
				PRODUCT_NAME = "$(TARGET_NAME)";
				SDKROOT = watchos;
				SKIP_INSTALL = YES;
				SWIFT_VERSION = 5.0;
				TARGETED_DEVICE_FAMILY = 4;
				WATCHOS_DEPLOYMENT_TARGET = 11.0;
			};
			name = Release;
		};
/* End XCBuildConfiguration section */

/* Begin XCConfigurationList section */
		FA63081E2E24BED400C40A46 /* Build configuration list for PBXProject "Mawqit" */ = {
			isa = XCConfigurationList;
			buildConfigurations = (
				FA63082C2E24BED500C40A46 /* Debug */,
				FA63082D2E24BED500C40A46 /* Release */,
			);
			defaultConfigurationIsVisible = 0;
			defaultConfigurationName = Release;
		};
		FA63082E2E24BED500C40A46 /* Build configuration list for PBXNativeTarget "Mawqit" */ = {
			isa = XCConfigurationList;
			buildConfigurations = (
				FA63082F2E24BED500C40A46 /* Debug */,
				FA6308302E24BED500C40A46 /* Release */,
			);
			defaultConfigurationIsVisible = 0;
			defaultConfigurationName = Release;
		};
		FA63084D2E24BF6A00C40A46 /* Build configuration list for PBXNativeTarget "MawqitWidgetExtension" */ = {
			isa = XCConfigurationList;
			buildConfigurations = (
				FA63084E2E24BF6A00C40A46 /* Debug */,
				FA63084F2E24BF6A00C40A46 /* Release */,
			);
			defaultConfigurationIsVisible = 0;
			defaultConfigurationName = Release;
		};
		6CA45E708C6046278F0F1717 /* Build configuration list for PBXNativeTarget "MawqitWatch" */ = {
			isa = XCConfigurationList;
			buildConfigurations = (
				3A00D08EE52E43A58CDCD8ED /* Debug */,
				956F104C24524157A86A7641 /* Release */,
			);
			defaultConfigurationIsVisible = 0;
			defaultConfigurationName = Release;
		};
		94015DB5397D49D4ADC0D6EA /* Build configuration list for PBXNativeTarget "MawqitWatchWidget" */ = {
			isa = XCConfigurationList;
			buildConfigurations = (
				4FE3CEE670C94C2480D8F8DB /* Debug */,
				CF3683D9226B4254B4FAC08E /* Release */,
			);
			defaultConfigurationIsVisible = 0;
			defaultConfigurationName = Release;
		};
/* End XCConfigurationList section */
	};
	rootObject = FA63081B2E24BED400C40A46 /* Project object */;
}
